
Microsoft Visual Studio Solution File, Format Version 12.00
# Visual Studio Version 17
VisualStudioVersion = 17.6.33723.286
MinimumVisualStudioVersion = 10.0.40219.1
Project("{FAE04EC0-301F-11D3-BF4B-00C04F79EFBC}") = "Xadres-Console", "Xadres-Console\Xadres-Console.csproj", "{9BB84388-5067-4764-8E4F-1E136713EC64}"
EndProject
Global
	GlobalSection(SolutionConfigurationPlatforms) = preSolution
		Debug|Any CPU = Debug|Any CPU
		Release|Any CPU = Release|Any CPU
	EndGlobalSection
	GlobalSection(ProjectConfigurationPlatforms) = postSolution
		{9BB84388-5067-4764-8E4F-1E136713EC64}.Debug|Any CPU.ActiveCfg = Debug|Any CPU
		{9BB84388-5067-4764-8E4F-1E136713EC64}.Debug|Any CPU.Build.0 = Debug|Any CPU
		{9BB84388-5067-4764-8E4F-1E136713EC64}.Release|Any CPU.ActiveCfg = Release|Any CPU
		{9BB84388-5067-4764-8E4F-1E136713EC64}.Release|Any CPU.Build.0 = Release|Any CPU
	EndGlobalSection
	GlobalSection(SolutionProperties) = preSolution
		HideSolutionNode = FALSE
	EndGlobalSection
	GlobalSection(ExtensibilityGlobals) = postSolution
		SolutionGuid = {D70C6D6B-9C7A-4370-B965-C583463D6F4A}
	EndGlobalSection
EndGlobal
